// !$*UTF8*$!
{
	archiveVersion = 1;
	classes = {
	};
	objectVersion = 55;
	objects = {

/* Begin PBXBuildFile section */
		63F6687D27E380570031666E /* AppDelegate.swift in Sources */ = {isa = PBXBuildFile; fileRef = 63F6687C27E380570031666E /* AppDelegate.swift */; };
		63F6687F27E380570031666E /* SceneDelegate.swift in Sources */ = {isa = PBXBuildFile; fileRef = 63F6687E27E380570031666E /* SceneDelegate.swift */; };
		63F6688127E380570031666E /* MainVC.swift in Sources */ = {isa = PBXBuildFile; fileRef = 63F6688027E380570031666E /* MainVC.swift */; };
		63F6688627E380570031666E /* Assets.xcassets in Resources */ = {isa = PBXBuildFile; fileRef = 63F6688527E380570031666E /* Assets.xcassets */; };
		63F6689227E389770031666E /* MainListCell.swift in Sources */ = {isa = PBXBuildFile; fileRef = 63F6689127E389770031666E /* MainListCell.swift */; };
		63F6689627E39FD70031666E /* RickyMortyModel.swift in Sources */ = {isa = PBXBuildFile; fileRef = 63F6689527E39FD70031666E /* RickyMortyModel.swift */; };
		63F6689827E3FA540031666E /* WebService.swift in Sources */ = {isa = PBXBuildFile; fileRef = 63F6689727E3FA540031666E /* WebService.swift */; };
		63F6689B27E3FDF60031666E /* RickyViewModel.swift in Sources */ = {isa = PBXBuildFile; fileRef = 63F6689A27E3FDF60031666E /* RickyViewModel.swift */; };
		F4F7C89594DD52A4B7ED8AF7 /* Pods_RickyMorty_MVVM.framework in Frameworks */ = {isa = PBXBuildFile; fileRef = 549C4D44465189126201CD77 /* Pods_RickyMorty_MVVM.framework */; };
/* End PBXBuildFile section */

/* Begin PBXFileReference section */
		549C4D44465189126201CD77 /* Pods_RickyMorty_MVVM.framework */ = {isa = PBXFileReference; explicitFileType = wrapper.framework; includeInIndex = 0; path = Pods_RickyMorty_MVVM.framework; sourceTree = BUILT_PRODUCTS_DIR; };
		63F6687927E380570031666E /* RickyMorty-MVVM.app */ = {isa = PBXFileReference; explicitFileType = wrapper.application; includeInIndex = 0; path = "RickyMorty-MVVM.app"; sourceTree = BUILT_PRODUCTS_DIR; };
		63F6687C27E380570031666E /* AppDelegate.swift */ = {isa = PBXFileReference; lastKnownFileType = sourcecode.swift; path = AppDelegate.swift; sourceTree = "<group>"; };
		63F6687E27E380570031666E /* SceneDelegate.swift */ = {isa = PBXFileReference; lastKnownFileType = sourcecode.swift; path = SceneDelegate.swift; sourceTree = "<group>"; };
		63F6688027E380570031666E /* MainVC.swift */ = {isa = PBXFileReference; lastKnownFileType = sourcecode.swift; path = MainVC.swift; sourceTree = "<group>"; };
		63F6688527E380570031666E /* Assets.xcassets */ = {isa = PBXFileReference; lastKnownFileType = folder.assetcatalog; path = Assets.xcassets; sourceTree = "<group>"; };
		63F6688A27E380570031666E /* Info.plist */ = {isa = PBXFileReference; lastKnownFileType = text.plist.xml; path = Info.plist; sourceTree = "<group>"; };
		63F6689127E389770031666E /* MainListCell.swift */ = {isa = PBXFileReference; lastKnownFileType = sourcecode.swift; path = MainListCell.swift; sourceTree = "<group>"; };
		63F6689527E39FD70031666E /* RickyMortyModel.swift */ = {isa = PBXFileReference; lastKnownFileType = sourcecode.swift; path = RickyMortyModel.swift; sourceTree = "<group>"; };
		63F6689727E3FA540031666E /* WebService.swift */ = {isa = PBXFileReference; lastKnownFileType = sourcecode.swift; path = WebService.swift; sourceTree = "<group>"; };
		63F6689A27E3FDF60031666E /* RickyViewModel.swift */ = {isa = PBXFileReference; lastKnownFileType = sourcecode.swift; path = RickyViewModel.swift; sourceTree = "<group>"; };
		9B0FD381D41ECBF2B6C6BACB /* Pods-RickyMorty-MVVM.release.xcconfig */ = {isa = PBXFileReference; includeInIndex = 1; lastKnownFileType = text.xcconfig; name = "Pods-RickyMorty-MVVM.release.xcconfig"; path = "Target Support Files/Pods-RickyMorty-MVVM/Pods-RickyMorty-MVVM.release.xcconfig"; sourceTree = "<group>"; };
		F95590ACD2A94C69F9683C8D /* Pods-RickyMorty-MVVM.debug.xcconfig */ = {isa = PBXFileReference; includeInIndex = 1; lastKnownFileType = text.xcconfig; name = "Pods-RickyMorty-MVVM.debug.xcconfig"; path = "Target Support Files/Pods-RickyMorty-MVVM/Pods-RickyMorty-MVVM.debug.xcconfig"; sourceTree = "<group>"; };
/* End PBXFileReference section */

/* Begin PBXFrameworksBuildPhase section */
		63F6687627E380570031666E /* Frameworks */ = {
			isa = PBXFrameworksBuildPhase;
			buildActionMask = 2147483647;
			files = (
				F4F7C89594DD52A4B7ED8AF7 /* Pods_RickyMorty_MVVM.framework in Frameworks */,
			);
			runOnlyForDeploymentPostprocessing = 0;
		};
/* End PBXFrameworksBuildPhase section */

/* Begin PBXGroup section */
		1946D0E671AFA53EB545ABC4 /* Frameworks */ = {
			isa = PBXGroup;
			children = (
				549C4D44465189126201CD77 /* Pods_RickyMorty_MVVM.framework */,
			);
			name = Frameworks;
			sourceTree = "<group>";
		};
		63F6687027E380570031666E = {
			isa = PBXGroup;
			children = (
				63F6687B27E380570031666E /* RickyMorty-MVVM */,
				63F6687A27E380570031666E /* Products */,
				B3CB840715A73C42A0C4D9F7 /* Pods */,
				1946D0E671AFA53EB545ABC4 /* Frameworks */,
			);
			sourceTree = "<group>";
		};
		63F6687A27E380570031666E /* Products */ = {
			isa = PBXGroup;
			children = (
				63F6687927E380570031666E /* RickyMorty-MVVM.app */,
			);
			name = Products;
			sourceTree = "<group>";
		};
		63F6687B27E380570031666E /* RickyMorty-MVVM */ = {
			isa = PBXGroup;
			children = (
				63F6689927E3FDED0031666E /* ViewModel */,
				63F6689427E39FC00031666E /* Service */,
				63F6689327E39FBA0031666E /* Model */,
				63F6689027E3896A0031666E /* Cells */,
				63F6687C27E380570031666E /* AppDelegate.swift */,
				63F6687E27E380570031666E /* SceneDelegate.swift */,
				63F6688027E380570031666E /* MainVC.swift */,
				63F6688527E380570031666E /* Assets.xcassets */,
				63F6688A27E380570031666E /* Info.plist */,
			);
			path = "RickyMorty-MVVM";
			sourceTree = "<group>";
		};
		63F6689027E3896A0031666E /* Cells */ = {
			isa = PBXGroup;
			children = (
				63F6689127E389770031666E /* MainListCell.swift */,
			);
			path = Cells;
			sourceTree = "<group>";
		};
		63F6689327E39FBA0031666E /* Model */ = {
			isa = PBXGroup;
			children = (
				63F6689527E39FD70031666E /* RickyMortyModel.swift */,
			);
			path = Model;
			sourceTree = "<group>";
		};
		63F6689427E39FC00031666E /* Service */ = {
			isa = PBXGroup;
			children = (
				63F6689727E3FA540031666E /* WebService.swift */,
			);
			path = Service;
			sourceTree = "<group>";
		};
		63F6689927E3FDED0031666E /* ViewModel */ = {
			isa = PBXGroup;
			children = (
				63F6689A27E3FDF60031666E /* RickyViewModel.swift */,
			);
			path = ViewModel;
			sourceTree = "<group>";
		};
		B3CB840715A73C42A0C4D9F7 /* Pods */ = {
			isa = PBXGroup;
			children = (
				F95590ACD2A94C69F9683C8D /* Pods-RickyMorty-MVVM.debug.xcconfig */,
				9B0FD381D41ECBF2B6C6BACB /* Pods-RickyMorty-MVVM.release.xcconfig */,
			);
			path = Pods;
			sourceTree = "<group>";
		};
/* End PBXGroup section */

/* Begin PBXNativeTarget section */
		63F6687827E380570031666E /* RickyMorty-MVVM */ = {
			isa = PBXNativeTarget;
			buildConfigurationList = 63F6688D27E380570031666E /* Build configuration list for PBXNativeTarget "RickyMorty-MVVM" */;
			buildPhases = (
				4B5FECA60277560BA4750EFB /* [CP] Check Pods Manifest.lock */,
				63F6687527E380570031666E /* Sources */,
				63F6687627E380570031666E /* Frameworks */,
				63F6687727E380570031666E /* Resources */,
				4E9CBBE4A503D24F9146B5E5 /* [CP] Embed Pods Frameworks */,
			);
			buildRules = (
			);
			dependencies = (
			);
			name = "RickyMorty-MVVM";
			productName = "RickyMorty-MVVM";
			productReference = 63F6687927E380570031666E /* RickyMorty-MVVM.app */;
			productType = "com.apple.product-type.application";
		};
/* End PBXNativeTarget section */

/* Begin PBXProject section */
		63F6687127E380570031666E /* Project object */ = {
			isa = PBXProject;
			attributes = {
				BuildIndependentTargetsInParallel = 1;
				LastSwiftUpdateCheck = 1320;
				LastUpgradeCheck = 1320;
				TargetAttributes = {
					63F6687827E380570031666E = {
						CreatedOnToolsVersion = 13.2.1;
					};
				};
			};
			buildConfigurationList = 63F6687427E380570031666E /* Build configuration list for PBXProject "RickyMorty-MVVM" */;
			compatibilityVersion = "Xcode 13.0";
			developmentRegion = en;
			hasScannedForEncodings = 0;
			knownRegions = (
				en,
				Base,
			);
			mainGroup = 63F6687027E380570031666E;
			productRefGroup = 63F6687A27E380570031666E /* Products */;
			projectDirPath = "";
			projectRoot = "";
			targets = (
				63F6687827E380570031666E /* RickyMorty-MVVM */,
			);
		};
/* End PBXProject section */

/* Begin PBXResourcesBuildPhase section */
		63F6687727E380570031666E /* Resources */ = {
			isa = PBXResourcesBuildPhase;
			buildActionMask = 2147483647;
			files = (
				63F6688627E380570031666E /* Assets.xcassets in Resources */,
			);
			runOnlyForDeploymentPostprocessing = 0;
		};
/* End PBXResourcesBuildPhase section */

/* Begin PBXShellScriptBuildPhase section */
		4B5FECA60277560BA4750EFB /* [CP] Check Pods Manifest.lock */ = {
			isa = PBXShellScriptBuildPhase;
			buildActionMask = 2147483647;
			files = (
			);
			inputFileListPaths = (
			);
			inputPaths = (
				"${PODS_PODFILE_DIR_PATH}/Podfile.lock",
				"${PODS_ROOT}/Manifest.lock",
			);
			name = "[CP] Check Pods Manifest.lock";
			outputFileListPaths = (
			);
			outputPaths = (
				"$(DERIVED_FILE_DIR)/Pods-RickyMorty-MVVM-checkManifestLockResult.txt",
			);
			runOnlyForDeploymentPostprocessing = 0;
			shellPath = /bin/sh;
			shellScript = "diff \"${PODS_PODFILE_DIR_PATH}/Podfile.lock\" \"${PODS_ROOT}/Manifest.lock\" > /dev/null\nif [ $? != 0 ] ; then\n    # print error to STDERR\n    echo \"error: The sandbox is not in sync with the Podfile.lock. Run 'pod install' or update your CocoaPods installation.\" >&2\n    exit 1\nfi\n# This output is used by Xcode 'outputs' to avoid re-running this script phase.\necho \"SUCCESS\" > \"${SCRIPT_OUTPUT_FILE_0}\"\n";
			showEnvVarsInLog = 0;
		};
		4E9CBBE4A503D24F9146B5E5 /* [CP] Embed Pods Frameworks */ = {
			isa = PBXShellScriptBuildPhase;
			buildActionMask = 2147483647;
			files = (
			);
			inputFileListPaths = (
				"${PODS_ROOT}/Target Support Files/Pods-RickyMorty-MVVM/Pods-RickyMorty-MVVM-frameworks-${CONFIGURATION}-input-files.xcfilelist",
			);
			name = "[CP] Embed Pods Frameworks";
			outputFileListPaths = (
				"${PODS_ROOT}/Target Support Files/Pods-RickyMorty-MVVM/Pods-RickyMorty-MVVM-frameworks-${CONFIGURATION}-output-files.xcfilelist",
			);
			runOnlyForDeploymentPostprocessing = 0;
			shellPath = /bin/sh;
			shellScript = "\"${PODS_ROOT}/Target Support Files/Pods-RickyMorty-MVVM/Pods-RickyMorty-MVVM-frameworks.sh\"\n";
			showEnvVarsInLog = 0;
		};
/* End PBXShellScriptBuildPhase section */

/* Begin PBXSourcesBuildPhase section */
		63F6687527E380570031666E /* Sources */ = {
			isa = PBXSourcesBuildPhase;
			buildActionMask = 2147483647;
			files = (
				63F6689827E3FA540031666E /* WebService.swift in Sources */,
				63F6688127E380570031666E /* MainVC.swift in Sources */,
				63F6687D27E380570031666E /* AppDelegate.swift in Sources */,
				63F6689B27E3FDF60031666E /* RickyViewModel.swift in Sources */,
				63F6689627E39FD70031666E /* RickyMortyModel.swift in Sources */,
				63F6689227E389770031666E /* MainListCell.swift in Sources */,
				63F6687F27E380570031666E /* SceneDelegate.swift in Sources */,
			);
			runOnlyForDeploymentPostprocessing = 0;
		};
/* End PBXSourcesBuildPhase section */

/* Begin XCBuildConfiguration section */
		63F6688B27E380570031666E /* Debug */ = {
			isa = XCBuildConfiguration;
			buildSettings = {
				ALWAYS_SEARCH_USER_PATHS = NO;
				CLANG_ANALYZER_NONNULL = YES;
				CLANG_ANALYZER_NUMBER_OBJECT_CONVERSION = YES_AGGRESSIVE;
				CLANG_CXX_LANGUAGE_STANDARD = "gnu++17";
				CLANG_CXX_LIBRARY = "libc++";
				CLANG_ENABLE_MODULES = YES;
				CLANG_ENABLE_OBJC_ARC = YES;
				CLANG_ENABLE_OBJC_WEAK = YES;
				CLANG_WARN_BLOCK_CAPTURE_AUTORELEASING = YES;
				CLANG_WARN_BOOL_CONVERSION = YES;
				CLANG_WARN_COMMA = YES;
				CLANG_WARN_CONSTANT_CONVERSION = YES;
				CLANG_WARN_DEPRECATED_OBJC_IMPLEMENTATIONS = YES;
				CLANG_WARN_DIRECT_OBJC_ISA_USAGE = YES_ERROR;
				CLANG_WARN_DOCUMENTATION_COMMENTS = YES;
				CLANG_WARN_EMPTY_BODY = YES;
				CLANG_WARN_ENUM_CONVERSION = YES;
				CLANG_WARN_INFINITE_RECURSION = YES;
				CLANG_WARN_INT_CONVERSION = YES;
				CLANG_WARN_NON_LITERAL_NULL_CONVERSION = YES;
				CLANG_WARN_OBJC_IMPLICIT_RETAIN_SELF = YES;
				CLANG_WARN_OBJC_LITERAL_CONVERSION = YES;
				CLANG_WARN_OBJC_ROOT_CLASS = YES_ERROR;
				CLANG_WARN_QUOTED_INCLUDE_IN_FRAMEWORK_HEADER = YES;
				CLANG_WARN_RANGE_LOOP_ANALYSIS = YES;
				CLANG_WARN_STRICT_PROTOTYPES = YES;
				CLANG_WARN_SUSPICIOUS_MOVE = YES;
				CLANG_WARN_UNGUARDED_AVAILABILITY = YES_AGGRESSIVE;
				CLANG_WARN_UNREACHABLE_CODE = YES;
				CLANG_WARN__DUPLICATE_METHOD_MATCH = YES;
				COPY_PHASE_STRIP = NO;
				DEBUG_INFORMATION_FORMAT = dwarf;
				ENABLE_STRICT_OBJC_MSGSEND = YES;
				ENABLE_TESTABILITY = YES;
				GCC_C_LANGUAGE_STANDARD = gnu11;
				GCC_DYNAMIC_NO_PIC = NO;
				GCC_NO_COMMON_BLOCKS = YES;
				GCC_OPTIMIZATION_LEVEL = 0;
				GCC_PREPROCESSOR_DEFINITIONS = (
					"DEBUG=1",
					"$(inherited)",
				);
				GCC_WARN_64_TO_32_BIT_CONVERSION = YES;
				GCC_WARN_ABOUT_RETURN_TYPE = YES_ERROR;
				GCC_WARN_UNDECLARED_SELECTOR = YES;
				GCC_WARN_UNINITIALIZED_AUTOS = YES_AGGRESSIVE;
				GCC_WARN_UNUSED_FUNCTION = YES;
				GCC_WARN_UNUSED_VARIABLE = YES;
				IPHONEOS_DEPLOYMENT_TARGET = 15.2;
				MTL_ENABLE_DEBUG_INFO = INCLUDE_SOURCE;
				MTL_FAST_MATH = YES;
				ONLY_ACTIVE_ARCH = YES;
				SDKROOT = iphoneos;
				SWIFT_ACTIVE_COMPILATION_CONDITIONS = DEBUG;
				SWIFT_OPTIMIZATION_LEVEL = "-Onone";
			};
			name = Debug;
		};
		63F6688C27E380570031666E /* Release */ = {
			isa = XCBuildConfiguration;
			buildSettings = {
				ALWAYS_SEARCH_USER_PATHS = NO;
				CLANG_ANALYZER_NONNULL = YES;
				CLANG_ANALYZER_NUMBER_OBJECT_CONVERSION = YES_AGGRESSIVE;
				CLANG_CXX_LANGUAGE_STANDARD = "gnu++17";
				CLANG_CXX_LIBRARY = "libc++";
				CLANG_ENABLE_MODULES = YES;
				CLANG_ENABLE_OBJC_ARC = YES;
				CLANG_ENABLE_OBJC_WEAK = YES;
				CLANG_WARN_BLOCK_CAPTURE_AUTORELEASING = YES;
				CLANG_WARN_BOOL_CONVERSION = YES;
				CLANG_WARN_COMMA = YES;
				CLANG_WARN_CONSTANT_CONVERSION = YES;
				CLANG_WARN_DEPRECATED_OBJC_IMPLEMENTATIONS = YES;
				CLANG_WARN_DIRECT_OBJC_ISA_USAGE = YES_ERROR;
				CLANG_WARN_DOCUMENTATION_COMMENTS = YES;
				CLANG_WARN_EMPTY_BODY = YES;
				CLANG_WARN_ENUM_CONVERSION = YES;
				CLANG_WARN_INFINITE_RECURSION = YES;
				CLANG_WARN_INT_CONVERSION = YES;
				CLANG_WARN_NON_LITERAL_NULL_CONVERSION = YES;
				CLANG_WARN_OBJC_IMPLICIT_RETAIN_SELF = YES;
				CLANG_WARN_OBJC_LITERAL_CONVERSION = YES;
				CLANG_WARN_OBJC_ROOT_CLASS = YES_ERROR;
				CLANG_WARN_QUOTED_INCLUDE_IN_FRAMEWORK_HEADER = YES;
				CLANG_WARN_RANGE_LOOP_ANALYSIS = YES;
				CLANG_WARN_STRICT_PROTOTYPES = YES;
				CLANG_WARN_SUSPICIOUS_MOVE = YES;
				CLANG_WARN_UNGUARDED_AVAILABILITY = YES_AGGRESSIVE;
				CLANG_WARN_UNREACHABLE_CODE = YES;
				CLANG_WARN__DUPLICATE_METHOD_MATCH = YES;
				COPY_PHASE_STRIP = NO;
				DEBUG_INFORMATION_FORMAT = "dwarf-with-dsym";
				ENABLE_NS_ASSERTIONS = NO;
				ENABLE_STRICT_OBJC_MSGSEND = YES;
				GCC_C_LANGUAGE_STANDARD = gnu11;
				GCC_NO_COMMON_BLOCKS = YES;
				GCC_WARN_64_TO_32_BIT_CONVERSION = YES;
				GCC_WARN_ABOUT_RETURN_TYPE = YES_ERROR;
				GCC_WARN_UNDECLARED_SELECTOR = YES;
				GCC_WARN_UNINITIALIZED_AUTOS = YES_AGGRESSIVE;
				GCC_WARN_UNUSED_FUNCTION = YES;
				GCC_WARN_UNUSED_VARIABLE = YES;
				IPHONEOS_DEPLOYMENT_TARGET = 15.2;
				MTL_ENABLE_DEBUG_INFO = NO;
				MTL_FAST_MATH = YES;
				SDKROOT = iphoneos;
				SWIFT_COMPILATION_MODE = wholemodule;
				SWIFT_OPTIMIZATION_LEVEL = "-O";
				VALIDATE_PRODUCT = YES;
			};
			name = Release;
		};
		63F6688E27E380570031666E /* Debug */ = {
			isa = XCBuildConfiguration;
			baseConfigurationReference = F95590ACD2A94C69F9683C8D /* Pods-RickyMorty-MVVM.debug.xcconfig */;
			buildSettings = {
				ASSETCATALOG_COMPILER_APPICON_NAME = AppIcon;
				ASSETCATALOG_COMPILER_GLOBAL_ACCENT_COLOR_NAME = AccentColor;
				CODE_SIGN_STYLE = Automatic;
				CURRENT_PROJECT_VERSION = 1;
				DEVELOPMENT_TEAM = YW89A2JD7V;
				GENERATE_INFOPLIST_FILE = YES;
				INFOPLIST_FILE = "RickyMorty-MVVM/Info.plist";
				INFOPLIST_KEY_UIApplicationSupportsIndirectInputEvents = YES;
				INFOPLIST_KEY_UILaunchStoryboardName = LaunchScreen;
				INFOPLIST_KEY_UISupportedInterfaceOrientations_iPad = "UIInterfaceOrientationPortrait UIInterfaceOrientationPortraitUpsideDown UIInterfaceOrientationLandscapeLeft UIInterfaceOrientationLandscapeRight";
				INFOPLIST_KEY_UISupportedInterfaceOrientations_iPhone = "UIInterfaceOrientationPortrait UIInterfaceOrientationLandscapeLeft UIInterfaceOrientationLandscapeRight";
				LD_RUNPATH_SEARCH_PATHS = (
					"$(inherited)",
					"@executable_path/Frameworks",
				);
				MARKETING_VERSION = 1.0;
				PRODUCT_BUNDLE_IDENTIFIER = "com.ugurhmz.RickyMorty-MVVM";
				PRODUCT_NAME = "$(TARGET_NAME)";
				SWIFT_EMIT_LOC_STRINGS = YES;
				SWIFT_VERSION = 5.0;
				TARGETED_DEVICE_FAMILY = "1,2";
			};
			name = Debug;
		};
		63F6688F27E380570031666E /* Release */ = {
			isa = XCBuildConfiguration;
			baseConfigurationReference = 9B0FD381D41ECBF2B6C6BACB /* Pods-RickyMorty-MVVM.release.xcconfig */;
			buildSettings = {
				ASSETCATALOG_COMPILER_APPICON_NAME = AppIcon;
				ASSETCATALOG_COMPILER_GLOBAL_ACCENT_COLOR_NAME = AccentColor;
				CODE_SIGN_STYLE = Automatic;
				CURRENT_PROJECT_VERSION = 1;
				DEVELOPMENT_TEAM = YW89A2JD7V;
				GENERATE_INFOPLIST_FILE = YES;
				INFOPLIST_FILE = "RickyMorty-MVVM/Info.plist";
				INFOPLIST_KEY_UIApplicationSupportsIndirectInputEvents = YES;
				INFOPLIST_KEY_UILaunchStoryboardName = LaunchScreen;
				INFOPLIST_KEY_UISupportedInterfaceOrientations_iPad = "UIInterfaceOrientationPortrait UIInterfaceOrientationPortraitUpsideDown UIInterfaceOrientationLandscapeLeft UIInterfaceOrientationLandscapeRight";
				INFOPLIST_KEY_UISupportedInterfaceOrientations_iPhone = "UIInterfaceOrientationPortrait UIInterfaceOrientationLandscapeLeft UIInterfaceOrientationLandscapeRight";
				LD_RUNPATH_SEARCH_PATHS = (
					"$(inherited)",
					"@executable_path/Frameworks",
				);
				MARKETING_VERSION = 1.0;
				PRODUCT_BUNDLE_IDENTIFIER = "com.ugurhmz.RickyMorty-MVVM";
				PRODUCT_NAME = "$(TARGET_NAME)";
				SWIFT_EMIT_LOC_STRINGS = YES;
				SWIFT_VERSION = 5.0;
				TARGETED_DEVICE_FAMILY = "1,2";
			};
			name = Release;
		};
/* End XCBuildConfiguration section */

/* Begin XCConfigurationList section */
		63F6687427E380570031666E /* Build configuration list for PBXProject "RickyMorty-MVVM" */ = {
			isa = XCConfigurationList;
			buildConfigurations = (
				63F6688B27E380570031666E /* Debug */,
				63F6688C27E380570031666E /* Release */,
			);
			defaultConfigurationIsVisible = 0;
			defaultConfigurationName = Release;
		};
		63F6688D27E380570031666E /* Build configuration list for PBXNativeTarget "RickyMorty-MVVM" */ = {
			isa = XCConfigurationList;
			buildConfigurations = (
				63F6688E27E380570031666E /* Debug */,
				63F6688F27E380570031666E /* Release */,
			);
			defaultConfigurationIsVisible = 0;
			defaultConfigurationName = Release;
		};
/* End XCConfigurationList section */
	};
	rootObject = 63F6687127E380570031666E /* Project object */;
}
